
Microsoft Visual Studio Solution File, Format Version 12.00
Project("{FAE04EC0-301F-11D3-BF4B-00C04F79EFBC}") = "Hack", "src\Hack\Hack.csproj", "{AC5557FA-EAA4-4BD2-A5A4-465A44D3F1D1}"
EndProject
Project("{FAE04EC0-301F-11D3-BF4B-00C04F79EFBC}") = "Assembler", "src\Assembler\Assembler.csproj", "{8A1071D4-32D5-43CE-AB4F-0EDC4B627CAF}"
EndProject
Global
	GlobalSection(SolutionConfigurationPlatforms) = preSolution
		Debug|Any CPU = Debug|Any CPU
		Release|Any CPU = Release|Any CPU
	EndGlobalSection
	GlobalSection(ProjectConfigurationPlatforms) = postSolution
		{AC5557FA-EAA4-4BD2-A5A4-465A44D3F1D1}.Debug|Any CPU.ActiveCfg = Debug|Any CPU
		{AC5557FA-EAA4-4BD2-A5A4-465A44D3F1D1}.Debug|Any CPU.Build.0 = Debug|Any CPU
		{AC5557FA-EAA4-4BD2-A5A4-465A44D3F1D1}.Release|Any CPU.ActiveCfg = Release|Any CPU
		{AC5557FA-EAA4-4BD2-A5A4-465A44D3F1D1}.Release|Any CPU.Build.0 = Release|Any CPU
		{8A1071D4-32D5-43CE-AB4F-0EDC4B627CAF}.Debug|Any CPU.ActiveCfg = Debug|Any CPU
		{8A1071D4-32D5-43CE-AB4F-0EDC4B627CAF}.Debug|Any CPU.Build.0 = Debug|Any CPU
		{8A1071D4-32D5-43CE-AB4F-0EDC4B627CAF}.Release|Any CPU.ActiveCfg = Release|Any CPU
		{8A1071D4-32D5-43CE-AB4F-0EDC4B627CAF}.Release|Any CPU.Build.0 = Release|Any CPU
	EndGlobalSection
EndGlobal
